
Microsoft Visual Studio Solution File, Format Version 12.00
Project("{2150E333-8FDC-42A3-9474-1A3956D46DE8}") = "Startup", "Startup", "{887DBE2F-D8F1-4A2C-B54B-D56F1DCD2EF9}"
EndProject
Project("{FAE04EC0-301F-11D3-BF4B-00C04F79EFBC}") = "RaspiRobot", "RaspiRobot\RaspiRobot.csproj", "{255E9180-38AD-420C-9F2B-C72831434CEA}"
EndProject
Project("{2150E333-8FDC-42A3-9474-1A3956D46DE8}") = "Common", "Common", "{5F1B2FF0-9C42-46CB-BD4F-8596D6AE019F}"
EndProject
Project("{FAE04EC0-301F-11D3-BF4B-00C04F79EFBC}") = "RaspiRobot.Common", "RaspiRobot.Common\RaspiRobot.Common.csproj", "{32BF34C8-F6EC-4777-9278-7D59956C315E}"
EndProject
Project("{2150E333-8FDC-42A3-9474-1A3956D46DE8}") = "Features", "Features", "{DF4A3ECC-F113-4022-9AD1-EC178C4CAE04}"
EndProject
Project("{2150E333-8FDC-42A3-9474-1A3956D46DE8}") = "RobotControl", "RobotControl", "{FAF3CA57-64DD-41E0-BCBF-BB0509CC0BB3}"
EndProject
Project("{FAE04EC0-301F-11D3-BF4B-00C04F79EFBC}") = "RaspiRobot.RobotControl", "RaspiRobot.RobotControl\RaspiRobot.RobotControl.csproj", "{D7A9B61E-B353-43DD-A985-8EFA177BE203}"
EndProject
Project("{FAE04EC0-301F-11D3-BF4B-00C04F79EFBC}") = "RaspiRobot.RobotControl.GrabIt", "RaspiRobot.RobotControl.GrabIt\RaspiRobot.RobotControl.GrabIt.csproj", "{1E9E02FC-33F2-4612-B2E3-01AB3C8B656F}"
EndProject
Project("{2150E333-8FDC-42A3-9474-1A3956D46DE8}") = "Interfaces", "Interfaces", "{3C82287A-1DB2-4DC8-A65B-65FD32D9D92A}"
EndProject
Project("{2150E333-8FDC-42A3-9474-1A3956D46DE8}") = "OpenApi", "OpenApi", "{47E59C84-E535-425F-9A7D-5ED6D9B34C13}"
EndProject
Project("{FAE04EC0-301F-11D3-BF4B-00C04F79EFBC}") = "RaspiRobot.OpenApi", "RaspiRobot.OpenApi\RaspiRobot.OpenApi.csproj", "{6C902CC9-5E74-4DC5-8F80-29DC551FB5F0}"
EndProject
Project("{2150E333-8FDC-42A3-9474-1A3956D46DE8}") = "Web", "Web", "{1FCA850E-961E-45AE-95C8-00B8B6A4143F}"
EndProject
Project("{FAE04EC0-301F-11D3-BF4B-00C04F79EFBC}") = "RaspiRobot.Web", "RaspiRobot.Web\RaspiRobot.Web.csproj", "{8B0886DD-F39E-4204-867D-D078CF2169B3}"
EndProject
Project("{FAE04EC0-301F-11D3-BF4B-00C04F79EFBC}") = "DocumentStorage", "DocumentStorage\DocumentStorage.csproj", "{35F034B0-D369-4422-964D-E3883D243F38}"
EndProject
Project("{FAE04EC0-301F-11D3-BF4B-00C04F79EFBC}") = "DocumentStorage.FileBased", "DocumentStorage.FileBased\DocumentStorage.FileBased.csproj", "{A7A98799-5D1D-408E-9E86-785664DBCD39}"
EndProject
Project("{2150E333-8FDC-42A3-9474-1A3956D46DE8}") = "Documentation", "Documentation", "{E3EF9C7E-A49E-4076-82CE-5D0336DF1090}"
	ProjectSection(SolutionItems) = preProject
		Documentation\Introduction.md = Documentation\Introduction.md
	EndProjectSection
EndProject
Global
	GlobalSection(SolutionConfigurationPlatforms) = preSolution
		Debug|Any CPU = Debug|Any CPU
		Release|Any CPU = Release|Any CPU
	EndGlobalSection
	GlobalSection(NestedProjects) = preSolution
		{32BF34C8-F6EC-4777-9278-7D59956C315E} = {5F1B2FF0-9C42-46CB-BD4F-8596D6AE019F}
		{FAF3CA57-64DD-41E0-BCBF-BB0509CC0BB3} = {DF4A3ECC-F113-4022-9AD1-EC178C4CAE04}
		{D7A9B61E-B353-43DD-A985-8EFA177BE203} = {FAF3CA57-64DD-41E0-BCBF-BB0509CC0BB3}
		{1E9E02FC-33F2-4612-B2E3-01AB3C8B656F} = {FAF3CA57-64DD-41E0-BCBF-BB0509CC0BB3}
		{47E59C84-E535-425F-9A7D-5ED6D9B34C13} = {3C82287A-1DB2-4DC8-A65B-65FD32D9D92A}
		{6C902CC9-5E74-4DC5-8F80-29DC551FB5F0} = {47E59C84-E535-425F-9A7D-5ED6D9B34C13}
		{1FCA850E-961E-45AE-95C8-00B8B6A4143F} = {3C82287A-1DB2-4DC8-A65B-65FD32D9D92A}
		{8B0886DD-F39E-4204-867D-D078CF2169B3} = {1FCA850E-961E-45AE-95C8-00B8B6A4143F}
		{35F034B0-D369-4422-964D-E3883D243F38} = {5F1B2FF0-9C42-46CB-BD4F-8596D6AE019F}
		{A7A98799-5D1D-408E-9E86-785664DBCD39} = {5F1B2FF0-9C42-46CB-BD4F-8596D6AE019F}
		{255E9180-38AD-420C-9F2B-C72831434CEA} = {887DBE2F-D8F1-4A2C-B54B-D56F1DCD2EF9}
	EndGlobalSection
	GlobalSection(ProjectConfigurationPlatforms) = postSolution
		{255E9180-38AD-420C-9F2B-C72831434CEA}.Debug|Any CPU.ActiveCfg = Debug|Any CPU
		{255E9180-38AD-420C-9F2B-C72831434CEA}.Debug|Any CPU.Build.0 = Debug|Any CPU
		{255E9180-38AD-420C-9F2B-C72831434CEA}.Release|Any CPU.ActiveCfg = Release|Any CPU
		{255E9180-38AD-420C-9F2B-C72831434CEA}.Release|Any CPU.Build.0 = Release|Any CPU
		{32BF34C8-F6EC-4777-9278-7D59956C315E}.Debug|Any CPU.ActiveCfg = Debug|Any CPU
		{32BF34C8-F6EC-4777-9278-7D59956C315E}.Debug|Any CPU.Build.0 = Debug|Any CPU
		{32BF34C8-F6EC-4777-9278-7D59956C315E}.Release|Any CPU.ActiveCfg = Release|Any CPU
		{32BF34C8-F6EC-4777-9278-7D59956C315E}.Release|Any CPU.Build.0 = Release|Any CPU
		{D7A9B61E-B353-43DD-A985-8EFA177BE203}.Debug|Any CPU.ActiveCfg = Debug|Any CPU
		{D7A9B61E-B353-43DD-A985-8EFA177BE203}.Debug|Any CPU.Build.0 = Debug|Any CPU
		{D7A9B61E-B353-43DD-A985-8EFA177BE203}.Release|Any CPU.ActiveCfg = Release|Any CPU
		{D7A9B61E-B353-43DD-A985-8EFA177BE203}.Release|Any CPU.Build.0 = Release|Any CPU
		{1E9E02FC-33F2-4612-B2E3-01AB3C8B656F}.Debug|Any CPU.ActiveCfg = Debug|Any CPU
		{1E9E02FC-33F2-4612-B2E3-01AB3C8B656F}.Debug|Any CPU.Build.0 = Debug|Any CPU
		{1E9E02FC-33F2-4612-B2E3-01AB3C8B656F}.Release|Any CPU.ActiveCfg = Release|Any CPU
		{1E9E02FC-33F2-4612-B2E3-01AB3C8B656F}.Release|Any CPU.Build.0 = Release|Any CPU
		{6C902CC9-5E74-4DC5-8F80-29DC551FB5F0}.Debug|Any CPU.ActiveCfg = Debug|Any CPU
		{6C902CC9-5E74-4DC5-8F80-29DC551FB5F0}.Debug|Any CPU.Build.0 = Debug|Any CPU
		{6C902CC9-5E74-4DC5-8F80-29DC551FB5F0}.Release|Any CPU.ActiveCfg = Release|Any CPU
		{6C902CC9-5E74-4DC5-8F80-29DC551FB5F0}.Release|Any CPU.Build.0 = Release|Any CPU
		{8B0886DD-F39E-4204-867D-D078CF2169B3}.Debug|Any CPU.ActiveCfg = Debug|Any CPU
		{8B0886DD-F39E-4204-867D-D078CF2169B3}.Debug|Any CPU.Build.0 = Debug|Any CPU
		{8B0886DD-F39E-4204-867D-D078CF2169B3}.Release|Any CPU.ActiveCfg = Release|Any CPU
		{8B0886DD-F39E-4204-867D-D078CF2169B3}.Release|Any CPU.Build.0 = Release|Any CPU
		{35F034B0-D369-4422-964D-E3883D243F38}.Debug|Any CPU.ActiveCfg = Debug|Any CPU
		{35F034B0-D369-4422-964D-E3883D243F38}.Debug|Any CPU.Build.0 = Debug|Any CPU
		{35F034B0-D369-4422-964D-E3883D243F38}.Release|Any CPU.ActiveCfg = Release|Any CPU
		{35F034B0-D369-4422-964D-E3883D243F38}.Release|Any CPU.Build.0 = Release|Any CPU
		{A7A98799-5D1D-408E-9E86-785664DBCD39}.Debug|Any CPU.ActiveCfg = Debug|Any CPU
		{A7A98799-5D1D-408E-9E86-785664DBCD39}.Debug|Any CPU.Build.0 = Debug|Any CPU
		{A7A98799-5D1D-408E-9E86-785664DBCD39}.Release|Any CPU.ActiveCfg = Release|Any CPU
		{A7A98799-5D1D-408E-9E86-785664DBCD39}.Release|Any CPU.Build.0 = Release|Any CPU
	EndGlobalSection
EndGlobal
